<Solution>
  <Project Path="Everlore.Api/Everlore.Api.csproj" />
  <Project Path="Everlore.AppHost/Everlore.AppHost.csproj" />
  <Project Path="Everlore.Domain/Everlore.Domain.csproj" />
  <Project Path="Everlore.Infrastructure/Everlore.Infrastructure.csproj" />
  <Project Path="Everlore.Infrastructure.Postgres/Everlore.Infrastructure.Postgres.csproj" />
  <Project Path="Everlore.ServiceDefaults/Everlore.ServiceDefaults.csproj" />
</Solution>
